// !$*UTF8*$!
{
	archiveVersion = 1;
	classes = {
	};
	objectVersion = 56;
	objects = {

/* Begin PBXBuildFile section */
		A11111111111111111111111 /* IdleClickerApp.swift in Sources */ = {isa = PBXBuildFile; fileRef = A22222222222222222222222 /* IdleClickerApp.swift */; };
		A11111111111111111111112 /* ContentView.swift in Sources */ = {isa = PBXBuildFile; fileRef = A22222222222222222222223 /* ContentView.swift */; };
		A11111111111111111111113 /* Assets.xcassets in Resources */ = {isa = PBXBuildFile; fileRef = A22222222222222222222224 /* Assets.xcassets */; };
		A11111111111111111111114 /* GameState.swift in Sources */ = {isa = PBXBuildFile; fileRef = A22222222222222222222225 /* GameState.swift */; };
		A11111111111111111111115 /* Upgrade.swift in Sources */ = {isa = PBXBuildFile; fileRef = A22222222222222222222226 /* Upgrade.swift */; };
		A11111111111111111111116 /* Generator.swift in Sources */ = {isa = PBXBuildFile; fileRef = A22222222222222222222227 /* Generator.swift */; };
		A11111111111111111111117 /* GameViewModel.swift in Sources */ = {isa = PBXBuildFile; fileRef = A22222222222222222222228 /* GameViewModel.swift */; };
		A11111111111111111111118 /* MainGameView.swift in Sources */ = {isa = PBXBuildFile; fileRef = A22222222222222222222229 /* MainGameView.swift */; };
		A11111111111111111111119 /* ShopView.swift in Sources */ = {isa = PBXBuildFile; fileRef = A2222222222222222222222A /* ShopView.swift */; };
		A1111111111111111111111A /* ClickerButton.swift in Sources */ = {isa = PBXBuildFile; fileRef = A2222222222222222222222B /* ClickerButton.swift */; };
		A1111111111111111111111B /* StorageService.swift in Sources */ = {isa = PBXBuildFile; fileRef = A2222222222222222222222C /* StorageService.swift */; };
		A1111111111111111111111C /* FormattingUtils.swift in Sources */ = {isa = PBXBuildFile; fileRef = A2222222222222222222222D /* FormattingUtils.swift */; };
		A1111111111111111111111D /* GeneratorRowView.swift in Sources */ = {isa = PBXBuildFile; fileRef = A2222222222222222222222E /* GeneratorRowView.swift */; };
		A1111111111111111111111E /* UpgradeRowView.swift in Sources */ = {isa = PBXBuildFile; fileRef = A2222222222222222222222F /* UpgradeRowView.swift */; };
		A1111111111111111111111F /* StatsView.swift in Sources */ = {isa = PBXBuildFile; fileRef = A22222222222222222222230 /* StatsView.swift */; };
/* End PBXBuildFile section */

/* Begin PBXFileReference section */
		A00000000000000000000001 /* IdleClicker.app */ = {isa = PBXFileReference; explicitFileType = wrapper.application; includeInIndex = 0; path = IdleClicker.app; sourceTree = BUILT_PRODUCTS_DIR; };
		A22222222222222222222222 /* IdleClickerApp.swift */ = {isa = PBXFileReference; lastKnownFileType = sourcecode.swift; path = IdleClickerApp.swift; sourceTree = "<group>"; };
		A22222222222222222222223 /* ContentView.swift */ = {isa = PBXFileReference; lastKnownFileType = sourcecode.swift; path = ContentView.swift; sourceTree = "<group>"; };
		A22222222222222222222224 /* Assets.xcassets */ = {isa = PBXFileReference; lastKnownFileType = folder.assetcatalog; path = Assets.xcassets; sourceTree = "<group>"; };
		A22222222222222222222225 /* GameState.swift */ = {isa = PBXFileReference; lastKnownFileType = sourcecode.swift; path = GameState.swift; sourceTree = "<group>"; };
		A22222222222222222222226 /* Upgrade.swift */ = {isa = PBXFileReference; lastKnownFileType = sourcecode.swift; path = Upgrade.swift; sourceTree = "<group>"; };
		A22222222222222222222227 /* Generator.swift */ = {isa = PBXFileReference; lastKnownFileType = sourcecode.swift; path = Generator.swift; sourceTree = "<group>"; };
		A22222222222222222222228 /* GameViewModel.swift */ = {isa = PBXFileReference; lastKnownFileType = sourcecode.swift; path = GameViewModel.swift; sourceTree = "<group>"; };
		A22222222222222222222229 /* MainGameView.swift */ = {isa = PBXFileReference; lastKnownFileType = sourcecode.swift; path = MainGameView.swift; sourceTree = "<group>"; };
		A2222222222222222222222A /* ShopView.swift */ = {isa = PBXFileReference; lastKnownFileType = sourcecode.swift; path = ShopView.swift; sourceTree = "<group>"; };
		A2222222222222222222222B /* ClickerButton.swift */ = {isa = PBXFileReference; lastKnownFileType = sourcecode.swift; path = ClickerButton.swift; sourceTree = "<group>"; };
		A2222222222222222222222C /* StorageService.swift */ = {isa = PBXFileReference; lastKnownFileType = sourcecode.swift; path = StorageService.swift; sourceTree = "<group>"; };
		A2222222222222222222222D /* FormattingUtils.swift */ = {isa = PBXFileReference; lastKnownFileType = sourcecode.swift; path = FormattingUtils.swift; sourceTree = "<group>"; };
		A2222222222222222222222E /* GeneratorRowView.swift */ = {isa = PBXFileReference; lastKnownFileType = sourcecode.swift; path = GeneratorRowView.swift; sourceTree = "<group>"; };
		A2222222222222222222222F /* UpgradeRowView.swift */ = {isa = PBXFileReference; lastKnownFileType = sourcecode.swift; path = UpgradeRowView.swift; sourceTree = "<group>"; };
		A22222222222222222222230 /* StatsView.swift */ = {isa = PBXFileReference; lastKnownFileType = sourcecode.swift; path = StatsView.swift; sourceTree = "<group>"; };
/* End PBXFileReference section */

/* Begin PBXFrameworksBuildPhase section */
		A33333333333333333333331 /* Frameworks */ = {
			isa = PBXFrameworksBuildPhase;
			buildActionMask = 2147483647;
			files = (
			);
			runOnlyForDeploymentPostprocessing = 0;
		};
/* End PBXFrameworksBuildPhase section */

/* Begin PBXGroup section */
		A44444444444444444444441 = {
			isa = PBXGroup;
			children = (
				A44444444444444444444442 /* IdleClicker */,
				A44444444444444444444443 /* Products */,
			);
			sourceTree = "<group>";
		};
		A44444444444444444444442 /* IdleClicker */ = {
			isa = PBXGroup;
			children = (
				A22222222222222222222222 /* IdleClickerApp.swift */,
				A22222222222222222222223 /* ContentView.swift */,
				A44444444444444444444444 /* Models */,
				A44444444444444444444445 /* Views */,
				A44444444444444444444446 /* ViewModels */,
				A44444444444444444444447 /* Services */,
				A22222222222222222222224 /* Assets.xcassets */,
			);
			path = IdleClicker;
			sourceTree = "<group>";
		};
		A44444444444444444444443 /* Products */ = {
			isa = PBXGroup;
			children = (
				A00000000000000000000001 /* IdleClicker.app */,
			);
			name = Products;
			sourceTree = "<group>";
		};
		A44444444444444444444444 /* Models */ = {
			isa = PBXGroup;
			children = (
				A22222222222222222222225 /* GameState.swift */,
				A22222222222222222222226 /* Upgrade.swift */,
				A22222222222222222222227 /* Generator.swift */,
			);
			path = Models;
			sourceTree = "<group>";
		};
		A44444444444444444444445 /* Views */ = {
			isa = PBXGroup;
			children = (
				A22222222222222222222229 /* MainGameView.swift */,
				A2222222222222222222222A /* ShopView.swift */,
				A2222222222222222222222B /* ClickerButton.swift */,
				A2222222222222222222222E /* GeneratorRowView.swift */,
				A2222222222222222222222F /* UpgradeRowView.swift */,
				A22222222222222222222230 /* StatsView.swift */,
			);
			path = Views;
			sourceTree = "<group>";
		};
		A44444444444444444444446 /* ViewModels */ = {
			isa = PBXGroup;
			children = (
				A22222222222222222222228 /* GameViewModel.swift */,
			);
			path = ViewModels;
			sourceTree = "<group>";
		};
		A44444444444444444444447 /* Services */ = {
			isa = PBXGroup;
			children = (
				A2222222222222222222222C /* StorageService.swift */,
				A2222222222222222222222D /* FormattingUtils.swift */,
			);
			path = Services;
			sourceTree = "<group>";
		};
/* End PBXGroup section */

/* Begin PBXNativeTarget section */
		A55555555555555555555551 /* IdleClicker */ = {
			isa = PBXNativeTarget;
			buildConfigurationList = A66666666666666666666663 /* Build configuration list for PBXNativeTarget "IdleClicker" */;
			buildPhases = (
				A55555555555555555555552 /* Sources */,
				A33333333333333333333331 /* Frameworks */,
				A55555555555555555555553 /* Resources */,
			);
			buildRules = (
			);
			dependencies = (
			);
			name = IdleClicker;
			productName = IdleClicker;
			productReference = A00000000000000000000001 /* IdleClicker.app */;
			productType = "com.apple.product-type.application";
		};
/* End PBXNativeTarget section */

/* Begin PBXProject section */
		A77777777777777777777771 /* Project object */ = {
			isa = PBXProject;
			attributes = {
				BuildIndependentTargetsInParallel = 1;
				LastSwiftUpdateCheck = 1500;
				LastUpgradeCheck = 1500;
				TargetAttributes = {
					A55555555555555555555551 = {
						CreatedOnToolsVersion = 15.0;
					};
				};
			};
			buildConfigurationList = A66666666666666666666661 /* Build configuration list for PBXProject "IdleClicker" */;
			compatibilityVersion = "Xcode 14.0";
			developmentRegion = en;
			hasScannedForEncodings = 0;
			knownRegions = (
				en,
				Base,
			);
			mainGroup = A44444444444444444444441;
			productRefGroup = A44444444444444444444443 /* Products */;
			projectDirPath = "";
			projectRoot = "";
			targets = (
				A55555555555555555555551 /* IdleClicker */,
			);
		};
/* End PBXProject section */

/* Begin PBXResourcesBuildPhase section */
		A55555555555555555555553 /* Resources */ = {
			isa = PBXResourcesBuildPhase;
			buildActionMask = 2147483647;
			files = (
				A11111111111111111111113 /* Assets.xcassets in Resources */,
			);
			runOnlyForDeploymentPostprocessing = 0;
		};
/* End PBXResourcesBuildPhase section */

/* Begin PBXSourcesBuildPhase section */
		A55555555555555555555552 /* Sources */ = {
			isa = PBXSourcesBuildPhase;
			buildActionMask = 2147483647;
			files = (
				A11111111111111111111111 /* IdleClickerApp.swift in Sources */,
				A11111111111111111111112 /* ContentView.swift in Sources */,
				A11111111111111111111114 /* GameState.swift in Sources */,
				A11111111111111111111115 /* Upgrade.swift in Sources */,
				A11111111111111111111116 /* Generator.swift in Sources */,
				A11111111111111111111117 /* GameViewModel.swift in Sources */,
				A11111111111111111111118 /* MainGameView.swift in Sources */,
				A11111111111111111111119 /* ShopView.swift in Sources */,
				A1111111111111111111111A /* ClickerButton.swift in Sources */,
				A1111111111111111111111B /* StorageService.swift in Sources */,
				A1111111111111111111111C /* FormattingUtils.swift in Sources */,
				A1111111111111111111111D /* GeneratorRowView.swift in Sources */,
				A1111111111111111111111E /* UpgradeRowView.swift in Sources */,
				A1111111111111111111111F /* StatsView.swift in Sources */,
			);
			runOnlyForDeploymentPostprocessing = 0;
		};
/* End PBXSourcesBuildPhase section */

/* Begin XCBuildConfiguration section */
		A88888888888888888888881 /* Debug */ = {
			isa = XCBuildConfiguration;
			buildSettings = {
				ALWAYS_SEARCH_USER_PATHS = NO;
				ASSETCATALOG_COMPILER_GENERATE_SWIFT_ASSET_SYMBOL_EXTENSIONS = YES;
				CLANG_ANALYZER_NONNULL = YES;
				CLANG_ANALYZER_NUMBER_OBJECT_CONVERSION = YES_AGGRESSIVE;
				CLANG_CXX_LANGUAGE_STANDARD = "gnu++20";
				CLANG_ENABLE_MODULES = YES;
				CLANG_ENABLE_OBJC_ARC = YES;
				CLANG_ENABLE_OBJC_WEAK = YES;
				CLANG_WARN_BLOCK_CAPTURE_AUTORELEASING = YES;
				CLANG_WARN_BOOL_CONVERSION = YES;
				CLANG_WARN_COMMA = YES;
				CLANG_WARN_CONSTANT_CONVERSION = YES;
				CLANG_WARN_DEPRECATED_OBJC_IMPLEMENTATIONS = YES;
				CLANG_WARN_DIRECT_OBJC_ISA_USAGE = YES_ERROR;
				CLANG_WARN_DOCUMENTATION_COMMENTS = YES;
				CLANG_WARN_EMPTY_BODY = YES;
				CLANG_WARN_ENUM_CONVERSION = YES;
				CLANG_WARN_INFINITE_RECURSION = YES;
				CLANG_WARN_INT_CONVERSION = YES;
				CLANG_WARN_NON_LITERAL_NULL_CONVERSION = YES;
				CLANG_WARN_OBJC_IMPLICIT_RETAIN_SELF = YES;
				CLANG_WARN_OBJC_LITERAL_CONVERSION = YES;
				CLANG_WARN_OBJC_ROOT_CLASS = YES_ERROR;
				CLANG_WARN_QUOTED_INCLUDE_IN_FRAMEWORK_HEADER = YES;
				CLANG_WARN_RANGE_LOOP_ANALYSIS = YES;
				CLANG_WARN_STRICT_PROTOTYPES = YES;
				CLANG_WARN_SUSPICIOUS_MOVE = YES;
				CLANG_WARN_UNGUARDED_AVAILABILITY = YES_AGGRESSIVE;
				CLANG_WARN_UNREACHABLE_CODE = YES;
				CLANG_WARN__DUPLICATE_METHOD_MATCH = YES;
				COPY_PHASE_STRIP = NO;
				DEBUG_INFORMATION_FORMAT = dwarf;
				ENABLE_STRICT_OBJC_MSGSEND = YES;
				ENABLE_TESTABILITY = YES;
				ENABLE_USER_SCRIPT_SANDBOXING = YES;
				GCC_C_LANGUAGE_STANDARD = gnu17;
				GCC_DYNAMIC_NO_PIC = NO;
				GCC_NO_COMMON_BLOCKS = YES;
				GCC_OPTIMIZATION_LEVEL = 0;
				GCC_PREPROCESSOR_DEFINITIONS = (
					"DEBUG=1",
					"$(inherited)",
				);
				GCC_WARN_64_TO_32_BIT_CONVERSION = YES;
				GCC_WARN_ABOUT_RETURN_TYPE = YES_ERROR;
				GCC_WARN_UNDECLARED_SELECTOR = YES;
				GCC_WARN_UNINITIALIZED_AUTOS = YES_AGGRESSIVE;
				GCC_WARN_UNUSED_FUNCTION = YES;
				GCC_WARN_UNUSED_VARIABLE = YES;
				IPHONEOS_DEPLOYMENT_TARGET = 17.0;
				LOCALIZATION_PREFERS_STRING_CATALOGS = YES;
				MTL_ENABLE_DEBUG_INFO = INCLUDE_SOURCE;
				MTL_FAST_MATH = YES;
				ONLY_ACTIVE_ARCH = YES;
				SDKROOT = iphoneos;
				SWIFT_ACTIVE_COMPILATION_CONDITIONS = "DEBUG $(inherited)";
				SWIFT_OPTIMIZATION_LEVEL = "-Onone";
			};
			name = Debug;
		};
		A88888888888888888888882 /* Release */ = {
			isa = XCBuildConfiguration;
			buildSettings = {
				ALWAYS_SEARCH_USER_PATHS = NO;
				ASSETCATALOG_COMPILER_GENERATE_SWIFT_ASSET_SYMBOL_EXTENSIONS = YES;
				CLANG_ANALYZER_NONNULL = YES;
				CLANG_ANALYZER_NUMBER_OBJECT_CONVERSION = YES_AGGRESSIVE;
				CLANG_CXX_LANGUAGE_STANDARD = "gnu++20";
				CLANG_ENABLE_MODULES = YES;
				CLANG_ENABLE_OBJC_ARC = YES;
				CLANG_ENABLE_OBJC_WEAK = YES;
				CLANG_WARN_BLOCK_CAPTURE_AUTORELEASING = YES;
				CLANG_WARN_BOOL_CONVERSION = YES;
				CLANG_WARN_COMMA = YES;
				CLANG_WARN_CONSTANT_CONVERSION = YES;
				CLANG_WARN_DEPRECATED_OBJC_IMPLEMENTATIONS = YES;
				CLANG_WARN_DIRECT_OBJC_ISA_USAGE = YES_ERROR;
				CLANG_WARN_DOCUMENTATION_COMMENTS = YES;
				CLANG_WARN_EMPTY_BODY = YES;
				CLANG_WARN_ENUM_CONVERSION = YES;
				CLANG_WARN_INFINITE_RECURSION = YES;
				CLANG_WARN_INT_CONVERSION = YES;
				CLANG_WARN_NON_LITERAL_NULL_CONVERSION = YES;
				CLANG_WARN_OBJC_IMPLICIT_RETAIN_SELF = YES;
				CLANG_WARN_OBJC_LITERAL_CONVERSION = YES;
				CLANG_WARN_OBJC_ROOT_CLASS = YES_ERROR;
				CLANG_WARN_QUOTED_INCLUDE_IN_FRAMEWORK_HEADER = YES;
				CLANG_WARN_RANGE_LOOP_ANALYSIS = YES;
				CLANG_WARN_STRICT_PROTOTYPES = YES;
				CLANG_WARN_SUSPICIOUS_MOVE = YES;
				CLANG_WARN_UNGUARDED_AVAILABILITY = YES_AGGRESSIVE;
				CLANG_WARN_UNREACHABLE_CODE = YES;
				CLANG_WARN__DUPLICATE_METHOD_MATCH = YES;
				COPY_PHASE_STRIP = NO;
				DEBUG_INFORMATION_FORMAT = "dwarf-with-dsym";
				ENABLE_NS_ASSERTIONS = NO;
				ENABLE_STRICT_OBJC_MSGSEND = YES;
				ENABLE_USER_SCRIPT_SANDBOXING = YES;
				GCC_C_LANGUAGE_STANDARD = gnu17;
				GCC_NO_COMMON_BLOCKS = YES;
				GCC_WARN_64_TO_32_BIT_CONVERSION = YES;
				GCC_WARN_ABOUT_RETURN_TYPE = YES_ERROR;
				GCC_WARN_UNDECLARED_SELECTOR = YES;
				GCC_WARN_UNINITIALIZED_AUTOS = YES_AGGRESSIVE;
				GCC_WARN_UNUSED_FUNCTION = YES;
				GCC_WARN_UNUSED_VARIABLE = YES;
				IPHONEOS_DEPLOYMENT_TARGET = 17.0;
				LOCALIZATION_PREFERS_STRING_CATALOGS = YES;
				MTL_ENABLE_DEBUG_INFO = NO;
				MTL_FAST_MATH = YES;
				SDKROOT = iphoneos;
				SWIFT_COMPILATION_MODE = wholemodule;
				VALIDATE_PRODUCT = YES;
			};
			name = Release;
		};
		A88888888888888888888883 /* Debug */ = {
			isa = XCBuildConfiguration;
			buildSettings = {
				ASSETCATALOG_COMPILER_APPICON_NAME = AppIcon;
				ASSETCATALOG_COMPILER_GLOBAL_ACCENT_COLOR_NAME = AccentColor;
				CODE_SIGN_STYLE = Automatic;
				CURRENT_PROJECT_VERSION = 1;
				DEVELOPMENT_ASSET_PATHS = "\"IdleClicker/Preview Content\"";
				ENABLE_PREVIEWS = YES;
				GENERATE_INFOPLIST_FILE = YES;
				INFOPLIST_KEY_UIApplicationSceneManifest_Generation = YES;
				INFOPLIST_KEY_UIApplicationSupportsIndirectInputEvents = YES;
				INFOPLIST_KEY_UILaunchScreen_Generation = YES;
				INFOPLIST_KEY_UISupportedInterfaceOrientations_iPad = "UIInterfaceOrientationPortrait UIInterfaceOrientationPortraitUpsideDown UIInterfaceOrientationLandscapeLeft UIInterfaceOrientationLandscapeRight";
				INFOPLIST_KEY_UISupportedInterfaceOrientations_iPhone = "UIInterfaceOrientationPortrait UIInterfaceOrientationLandscapeLeft UIInterfaceOrientationLandscapeRight";
				LD_RUNPATH_SEARCH_PATHS = (
					"$(inherited)",
					"@executable_path/Frameworks",
				);
				MARKETING_VERSION = 1.0;
				PRODUCT_BUNDLE_IDENTIFIER = com.idleclicker.app;
				PRODUCT_NAME = "$(TARGET_NAME)";
				SWIFT_EMIT_LOC_STRINGS = YES;
				SWIFT_VERSION = 5.0;
				TARGETED_DEVICE_FAMILY = "1,2";
			};
			name = Debug;
		};
		A88888888888888888888884 /* Release */ = {
			isa = XCBuildConfiguration;
			buildSettings = {
				ASSETCATALOG_COMPILER_APPICON_NAME = AppIcon;
				ASSETCATALOG_COMPILER_GLOBAL_ACCENT_COLOR_NAME = AccentColor;
				CODE_SIGN_STYLE = Automatic;
				CURRENT_PROJECT_VERSION = 1;
				DEVELOPMENT_ASSET_PATHS = "\"IdleClicker/Preview Content\"";
				ENABLE_PREVIEWS = YES;
				GENERATE_INFOPLIST_FILE = YES;
				INFOPLIST_KEY_UIApplicationSceneManifest_Generation = YES;
				INFOPLIST_KEY_UIApplicationSupportsIndirectInputEvents = YES;
				INFOPLIST_KEY_UILaunchScreen_Generation = YES;
				INFOPLIST_KEY_UISupportedInterfaceOrientations_iPad = "UIInterfaceOrientationPortrait UIInterfaceOrientationPortraitUpsideDown UIInterfaceOrientationLandscapeLeft UIInterfaceOrientationLandscapeRight";
				INFOPLIST_KEY_UISupportedInterfaceOrientations_iPhone = "UIInterfaceOrientationPortrait UIInterfaceOrientationLandscapeLeft UIInterfaceOrientationLandscapeRight";
				LD_RUNPATH_SEARCH_PATHS = (
					"$(inherited)",
					"@executable_path/Frameworks",
				);
				MARKETING_VERSION = 1.0;
				PRODUCT_BUNDLE_IDENTIFIER = com.idleclicker.app;
				PRODUCT_NAME = "$(TARGET_NAME)";
				SWIFT_EMIT_LOC_STRINGS = YES;
				SWIFT_VERSION = 5.0;
				TARGETED_DEVICE_FAMILY = "1,2";
			};
			name = Release;
		};
/* End XCBuildConfiguration section */

/* Begin XCConfigurationList section */
		A66666666666666666666661 /* Build configuration list for PBXProject "IdleClicker" */ = {
			isa = XCConfigurationList;
			buildConfigurations = (
				A88888888888888888888881 /* Debug */,
				A88888888888888888888882 /* Release */,
			);
			defaultConfigurationIsVisible = 0;
			defaultConfigurationName = Release;
		};
		A66666666666666666666663 /* Build configuration list for PBXNativeTarget "IdleClicker" */ = {
			isa = XCConfigurationList;
			buildConfigurations = (
				A88888888888888888888883 /* Debug */,
				A88888888888888888888884 /* Release */,
			);
			defaultConfigurationIsVisible = 0;
			defaultConfigurationName = Release;
		};
/* End XCConfigurationList section */
	};
	rootObject = A77777777777777777777771 /* Project object */;
}
